<?xml version="1.0" encoding="utf-8"?>
<Project ToolsVersion="4.0" xmlns="http://schemas.microsoft.com/developer/msbuild/2003">
  <ItemGroup>
    <Filter Include="Source Code">
      <UniqueIdentifier>{39a3beac-12fb-4dc3-8d52-14d163517c6a}</UniqueIdentifier>
    </Filter>
    <Filter Include="FilesCode">
      <UniqueIdentifier>{75f5ff27-39a8-4962-bcdf-af00d6666ead}</UniqueIdentifier>
    </Filter>
    <Filter Include="HeaderCode">
      <UniqueIdentifier>{9ba5244a-d0ad-45f5-8590-3a6e7f530731}</UniqueIdentifier>
    </Filter>
  </ItemGroup>
  <ItemGroup>
    <ClCompile Include="..\src\filescode\Ball.cpp">
      <Filter>FilesCode</Filter>
    </ClCompile>
    <ClCompile Include="..\src\filescode\FinalMenu.cpp">
      <Filter>FilesCode</Filter>
    </ClCompile>
    <ClCompile Include="..\src\filescode\Game.cpp">
      <Filter>FilesCode</Filter>
    </ClCompile>
    <ClCompile Include="..\src\filescode\Gameplay.cpp">
      <Filter>FilesCode</Filter>
    </ClCompile>
    <ClCompile Include="..\src\filescode\Initialize.cpp">
      <Filter>FilesCode</Filter>
    </ClCompile>
    <ClCompile Include="..\src\filescode\Menu.cpp">
      <Filter>FilesCode</Filter>
    </ClCompile>
    <ClCompile Include="..\src\filescode\Palette.cpp">
      <Filter>FilesCode</Filter>
    </ClCompile>
    <ClCompile Include="..\src\filescode\GlobalComponents.cpp">
      <Filter>FilesCode</Filter>
    </ClCompile>
    <ClCompile Include="..\src\main.cpp">
      <Filter>Source Code</Filter>
    </ClCompile>
  </ItemGroup>
  <ItemGroup>
    <ClInclude Include="..\src\headers\Ball.h">
      <Filter>HeaderCode</Filter>
    </ClInclude>
    <ClInclude Include="..\src\headers\FinalMenu.h">
      <Filter>HeaderCode</Filter>
    </ClInclude>
    <ClInclude Include="..\src\headers\Game.h">
      <Filter>HeaderCode</Filter>
    </ClInclude>
    <ClInclude Include="..\src\headers\Gameplay.h">
      <Filter>HeaderCode</Filter>
    </ClInclude>
    <ClInclude Include="..\src\headers\GlobalComponents.h">
      <Filter>HeaderCode</Filter>
    </ClInclude>
    <ClInclude Include="..\src\headers\Initialize.h">
      <Filter>HeaderCode</Filter>
    </ClInclude>
    <ClInclude Include="..\src\headers\Menu.h">
      <Filter>HeaderCode</Filter>
    </ClInclude>
    <ClInclude Include="..\src\headers\Palette.h">
      <Filter>HeaderCode</Filter>
    </ClInclude>
    <ClInclude Include="..\src\headers\Rectangles.h">
      <Filter>HeaderCode</Filter>
    </ClInclude>
    <ClInclude Include="..\src\headers\Vectors.h">
      <Filter>HeaderCode</Filter>
    </ClInclude>
  </ItemGroup>
</Project>